
Microsoft Visual Studio Solution File, Format Version 12.00
Project("{FAE04EC0-301F-11D3-BF4B-00C04F79EFBC}") = "Cactask_API", "Cactask_API.csproj", "{4619F88C-48D8-43CE-8DE6-2B02AD2EC45C}"
EndProject
Global
	GlobalSection(SolutionConfigurationPlatforms) = preSolution
		Debug|Any CPU = Debug|Any CPU
		Release|Any CPU = Release|Any CPU
	EndGlobalSection
	GlobalSection(ProjectConfigurationPlatforms) = postSolution
		{4619F88C-48D8-43CE-8DE6-2B02AD2EC45C}.Debug|Any CPU.ActiveCfg = Debug|Any CPU
		{4619F88C-48D8-43CE-8DE6-2B02AD2EC45C}.Debug|Any CPU.Build.0 = Debug|Any CPU
		{4619F88C-48D8-43CE-8DE6-2B02AD2EC45C}.Release|Any CPU.ActiveCfg = Release|Any CPU
		{4619F88C-48D8-43CE-8DE6-2B02AD2EC45C}.Release|Any CPU.Build.0 = Release|Any CPU
	EndGlobalSection
EndGlobal
